
Microsoft Visual Studio Solution File, Format Version 12.00
# Visual Studio 14
VisualStudioVersion = 14.0.25420.1
MinimumVisualStudioVersion = 10.0.40219.1
Project("{FAE04EC0-301F-11D3-BF4B-00C04F79EFBC}") = "DBMS", "ConsoleApplication2\DBMS.csproj", "{59D9212F-9529-4A23-98D9-A18CDC0CDC47}"
EndProject
Project("{2150E333-8FDC-42A3-9474-1A3956D46DE8}") = "Solution Items", "Solution Items", "{815B15EE-B751-4B42-808F-EBB5A3AFBEC1}"
	ProjectSection(SolutionItems) = preProject
		ConsoleApplication2\bin\Debug\login.db = ConsoleApplication2\bin\Debug\login.db
		ConsoleApplication2\puulaaki.db = ConsoleApplication2\puulaaki.db
	EndProjectSection
EndProject
Global
	GlobalSection(SolutionConfigurationPlatforms) = preSolution
		Debug|Any CPU = Debug|Any CPU
		Release|Any CPU = Release|Any CPU
	EndGlobalSection
	GlobalSection(ProjectConfigurationPlatforms) = postSolution
		{59D9212F-9529-4A23-98D9-A18CDC0CDC47}.Debug|Any CPU.ActiveCfg = Debug|Any CPU
		{59D9212F-9529-4A23-98D9-A18CDC0CDC47}.Debug|Any CPU.Build.0 = Debug|Any CPU
		{59D9212F-9529-4A23-98D9-A18CDC0CDC47}.Release|Any CPU.ActiveCfg = Release|Any CPU
		{59D9212F-9529-4A23-98D9-A18CDC0CDC47}.Release|Any CPU.Build.0 = Release|Any CPU
	EndGlobalSection
	GlobalSection(SolutionProperties) = preSolution
		HideSolutionNode = FALSE
	EndGlobalSection
EndGlobal
